
Microsoft Visual Studio Solution File, Format Version 12.00
# Visual Studio 15
VisualStudioVersion = 15.0.28010.2003
MinimumVisualStudioVersion = 10.0.40219.1
Project("{FAE04EC0-301F-11D3-BF4B-00C04F79EFBC}") = "ComputationalStrategy", "ComputationalStrategy\ComputationalStrategy.csproj", "{3206E500-28D2-4055-A14F-3DE3CBD526E1}"
EndProject
Project("{FAE04EC0-301F-11D3-BF4B-00C04F79EFBC}") = "TheFormulaShows", "TheFormulaShows\TheFormulaShows.csproj", "{ED789079-5836-4377-B0A6-6CDE453092C1}"
EndProject
Project("{FAE04EC0-301F-11D3-BF4B-00C04F79EFBC}") = "TestConsoleApp", "TestConsoleApp\TestConsoleApp.csproj", "{B0727C1F-9FE4-4E61-B559-3D67772EA24E}"
EndProject
Project("{FAE04EC0-301F-11D3-BF4B-00C04F79EFBC}") = "MathSheetsSettingApp", "MathSheetsSettingApp\MathSheetsSettingApp.csproj", "{3176A3A2-57DA-44AA-9AEF-67A09BEB8650}"
EndProject
Global
	GlobalSection(SolutionConfigurationPlatforms) = preSolution
		Debug|Any CPU = Debug|Any CPU
		Release|Any CPU = Release|Any CPU
	EndGlobalSection
	GlobalSection(ProjectConfigurationPlatforms) = postSolution
		{3206E500-28D2-4055-A14F-3DE3CBD526E1}.Debug|Any CPU.ActiveCfg = Debug|Any CPU
		{3206E500-28D2-4055-A14F-3DE3CBD526E1}.Debug|Any CPU.Build.0 = Debug|Any CPU
		{3206E500-28D2-4055-A14F-3DE3CBD526E1}.Release|Any CPU.ActiveCfg = Release|Any CPU
		{3206E500-28D2-4055-A14F-3DE3CBD526E1}.Release|Any CPU.Build.0 = Release|Any CPU
		{ED789079-5836-4377-B0A6-6CDE453092C1}.Debug|Any CPU.ActiveCfg = Debug|Any CPU
		{ED789079-5836-4377-B0A6-6CDE453092C1}.Debug|Any CPU.Build.0 = Debug|Any CPU
		{ED789079-5836-4377-B0A6-6CDE453092C1}.Release|Any CPU.ActiveCfg = Release|Any CPU
		{ED789079-5836-4377-B0A6-6CDE453092C1}.Release|Any CPU.Build.0 = Release|Any CPU
		{B0727C1F-9FE4-4E61-B559-3D67772EA24E}.Debug|Any CPU.ActiveCfg = Debug|Any CPU
		{B0727C1F-9FE4-4E61-B559-3D67772EA24E}.Debug|Any CPU.Build.0 = Debug|Any CPU
		{B0727C1F-9FE4-4E61-B559-3D67772EA24E}.Release|Any CPU.ActiveCfg = Release|Any CPU
		{B0727C1F-9FE4-4E61-B559-3D67772EA24E}.Release|Any CPU.Build.0 = Release|Any CPU
		{3176A3A2-57DA-44AA-9AEF-67A09BEB8650}.Debug|Any CPU.ActiveCfg = Debug|Any CPU
		{3176A3A2-57DA-44AA-9AEF-67A09BEB8650}.Debug|Any CPU.Build.0 = Debug|Any CPU
		{3176A3A2-57DA-44AA-9AEF-67A09BEB8650}.Release|Any CPU.ActiveCfg = Release|Any CPU
		{3176A3A2-57DA-44AA-9AEF-67A09BEB8650}.Release|Any CPU.Build.0 = Release|Any CPU
	EndGlobalSection
	GlobalSection(SolutionProperties) = preSolution
		HideSolutionNode = FALSE
	EndGlobalSection
	GlobalSection(ExtensibilityGlobals) = postSolution
		SolutionGuid = {D308C80E-F93A-4F56-89CD-5A89344949B1}
	EndGlobalSection
EndGlobal
