
Microsoft Visual Studio Solution File, Format Version 12.00
# Visual Studio 15
VisualStudioVersion = 15.0.28010.2003
MinimumVisualStudioVersion = 10.0.40219.1
Project("{FAE04EC0-301F-11D3-BF4B-00C04F79EFBC}") = "MyMathSheets.BasicOperationsLib", "ComputationalStrategy\MyMathSheets.BasicOperationsLib.csproj", "{3206E500-28D2-4055-A14F-3DE3CBD526E1}"
	ProjectSection(ProjectDependencies) = postProject
		{076E9C76-BEB2-4024-8A09-5183D0D65EC3} = {076E9C76-BEB2-4024-8A09-5183D0D65EC3}
	EndProjectSection
EndProject
Project("{FAE04EC0-301F-11D3-BF4B-00C04F79EFBC}") = "MyMathSheets.TheFormulaShows", "TheFormulaShows\MyMathSheets.TheFormulaShows.csproj", "{ED789079-5836-4377-B0A6-6CDE453092C1}"
EndProject
Project("{FAE04EC0-301F-11D3-BF4B-00C04F79EFBC}") = "MyMathSheets.TestConsoleApp", "TestConsoleApp\MyMathSheets.TestConsoleApp.csproj", "{B0727C1F-9FE4-4E61-B559-3D67772EA24E}"
	ProjectSection(ProjectDependencies) = postProject
		{3206E500-28D2-4055-A14F-3DE3CBD526E1} = {3206E500-28D2-4055-A14F-3DE3CBD526E1}
		{3206E500-28D2-4055-A14F-3DE3CBD526E2} = {3206E500-28D2-4055-A14F-3DE3CBD526E2}
		{3206E500-28D2-4055-A14F-3DE3CBD526E3} = {3206E500-28D2-4055-A14F-3DE3CBD526E3}
		{3206E500-28D2-4055-A14F-3DE3CBD526E4} = {3206E500-28D2-4055-A14F-3DE3CBD526E4}
		{3206E500-28D2-4055-A14F-3DE3CBD526E5} = {3206E500-28D2-4055-A14F-3DE3CBD526E5}
		{3206E500-28D2-4055-A14F-3DE3CBD526E6} = {3206E500-28D2-4055-A14F-3DE3CBD526E6}
		{3206E500-28D2-4055-A14F-3DE3CBD526E7} = {3206E500-28D2-4055-A14F-3DE3CBD526E7}
		{3206E500-28D2-4055-A14F-3DE3CBD526E8} = {3206E500-28D2-4055-A14F-3DE3CBD526E8}
		{18D1E434-D1C1-4634-B969-7FF11FECA3EF} = {18D1E434-D1C1-4634-B969-7FF11FECA3EF}
		{3BFFE851-482C-43D6-9661-C32D20AF334D} = {3BFFE851-482C-43D6-9661-C32D20AF334D}
		{076E9C76-BEB2-4024-8A09-5183D0D65EC3} = {076E9C76-BEB2-4024-8A09-5183D0D65EC3}
	EndProjectSection
EndProject
Project("{FAE04EC0-301F-11D3-BF4B-00C04F79EFBC}") = "MyMathSheets.MathSheetsSettingApp", "MathSheetsSettingApp\MyMathSheets.MathSheetsSettingApp.csproj", "{3176A3A2-57DA-44AA-9AEF-67A09BEB8650}"
	ProjectSection(ProjectDependencies) = postProject
		{076E9C76-BEB2-4024-8A09-5183D0D65EC3} = {076E9C76-BEB2-4024-8A09-5183D0D65EC3}
	EndProjectSection
EndProject
Project("{FAE04EC0-301F-11D3-BF4B-00C04F79EFBC}") = "MyMathSheets.MathWordProblemsConsoleApp", "Tools\MathWordProblemsConsoleApp\MyMathSheets.MathWordProblemsConsoleApp.csproj", "{C89B91C6-DB3A-4698-842D-4BA979C14AE1}"
EndProject
Project("{FAE04EC0-301F-11D3-BF4B-00C04F79EFBC}") = "MyMathSheets.CommonLib", "CommonLib\MyMathSheets.CommonLib.csproj", "{076E9C76-BEB2-4024-8A09-5183D0D65EC3}"
EndProject
Project("{2150E333-8FDC-42A3-9474-1A3956D46DE8}") = "Tools", "Tools", "{F9B5A9D1-8C95-4161-8708-65789BA74FC2}"
EndProject
Project("{FAE04EC0-301F-11D3-BF4B-00C04F79EFBC}") = "MyMathSheets.ComputationalStrategy.Arithmetic", "ComputationalStrategy\TopicModule\Arithmetic\MyMathSheets.ComputationalStrategy.Arithmetic.csproj", "{3206E500-28D2-4055-A14F-3DE3CBD526E2}"
	ProjectSection(ProjectDependencies) = postProject
		{3206E500-28D2-4055-A14F-3DE3CBD526E1} = {3206E500-28D2-4055-A14F-3DE3CBD526E1}
		{076E9C76-BEB2-4024-8A09-5183D0D65EC3} = {076E9C76-BEB2-4024-8A09-5183D0D65EC3}
	EndProjectSection
EndProject
Project("{2150E333-8FDC-42A3-9474-1A3956D46DE8}") = "TopicModule", "TopicModule", "{8BCE20EF-6C56-439F-B641-AF994D9A63FC}"
EndProject
Project("{FAE04EC0-301F-11D3-BF4B-00C04F79EFBC}") = "MyMathSheets.ComputationalStrategy.CombinatorialEquation", "ComputationalStrategy\TopicModule\CombinatorialEquation\MyMathSheets.ComputationalStrategy.CombinatorialEquation.csproj", "{3206E500-28D2-4055-A14F-3DE3CBD526E3}"
	ProjectSection(ProjectDependencies) = postProject
		{3206E500-28D2-4055-A14F-3DE3CBD526E1} = {3206E500-28D2-4055-A14F-3DE3CBD526E1}
		{076E9C76-BEB2-4024-8A09-5183D0D65EC3} = {076E9C76-BEB2-4024-8A09-5183D0D65EC3}
	EndProjectSection
EndProject
Project("{FAE04EC0-301F-11D3-BF4B-00C04F79EFBC}") = "MyMathSheets.ComputationalStrategy.ComputingConnection", "ComputationalStrategy\TopicModule\ComputingConnection\MyMathSheets.ComputationalStrategy.ComputingConnection.csproj", "{3206E500-28D2-4055-A14F-3DE3CBD526E4}"
	ProjectSection(ProjectDependencies) = postProject
		{3206E500-28D2-4055-A14F-3DE3CBD526E1} = {3206E500-28D2-4055-A14F-3DE3CBD526E1}
		{076E9C76-BEB2-4024-8A09-5183D0D65EC3} = {076E9C76-BEB2-4024-8A09-5183D0D65EC3}
	EndProjectSection
EndProject
Project("{FAE04EC0-301F-11D3-BF4B-00C04F79EFBC}") = "MyMathSheets.ComputationalStrategy.ScoreGoal", "ComputationalStrategy\TopicModule\ScoreGoal\MyMathSheets.ComputationalStrategy.ScoreGoal.csproj", "{3206E500-28D2-4055-A14F-3DE3CBD526E5}"
	ProjectSection(ProjectDependencies) = postProject
		{3206E500-28D2-4055-A14F-3DE3CBD526E1} = {3206E500-28D2-4055-A14F-3DE3CBD526E1}
		{076E9C76-BEB2-4024-8A09-5183D0D65EC3} = {076E9C76-BEB2-4024-8A09-5183D0D65EC3}
	EndProjectSection
EndProject
Project("{FAE04EC0-301F-11D3-BF4B-00C04F79EFBC}") = "MyMathSheets.ComputationalStrategy.EqualityComparison", "ComputationalStrategy\TopicModule\EqualityComparison\MyMathSheets.ComputationalStrategy.EqualityComparison.csproj", "{3206E500-28D2-4055-A14F-3DE3CBD526E6}"
	ProjectSection(ProjectDependencies) = postProject
		{3206E500-28D2-4055-A14F-3DE3CBD526E1} = {3206E500-28D2-4055-A14F-3DE3CBD526E1}
		{076E9C76-BEB2-4024-8A09-5183D0D65EC3} = {076E9C76-BEB2-4024-8A09-5183D0D65EC3}
	EndProjectSection
EndProject
Project("{FAE04EC0-301F-11D3-BF4B-00C04F79EFBC}") = "MyMathSheets.ComputationalStrategy.FindNearestNumber", "ComputationalStrategy\TopicModule\FindNearestNumber\MyMathSheets.ComputationalStrategy.FindNearestNumber.csproj", "{3206E500-28D2-4055-A14F-3DE3CBD526E7}"
	ProjectSection(ProjectDependencies) = postProject
		{3206E500-28D2-4055-A14F-3DE3CBD526E1} = {3206E500-28D2-4055-A14F-3DE3CBD526E1}
		{076E9C76-BEB2-4024-8A09-5183D0D65EC3} = {076E9C76-BEB2-4024-8A09-5183D0D65EC3}
	EndProjectSection
EndProject
Project("{FAE04EC0-301F-11D3-BF4B-00C04F79EFBC}") = "MyMathSheets.ComputationalStrategy.FruitsLinkage", "ComputationalStrategy\TopicModule\FruitsLinkage\MyMathSheets.ComputationalStrategy.FruitsLinkage.csproj", "{3206E500-28D2-4055-A14F-3DE3CBD526E8}"
	ProjectSection(ProjectDependencies) = postProject
		{3206E500-28D2-4055-A14F-3DE3CBD526E1} = {3206E500-28D2-4055-A14F-3DE3CBD526E1}
		{076E9C76-BEB2-4024-8A09-5183D0D65EC3} = {076E9C76-BEB2-4024-8A09-5183D0D65EC3}
	EndProjectSection
EndProject
Project("{FAE04EC0-301F-11D3-BF4B-00C04F79EFBC}") = "MyMathSheets.ComputationalStrategy.HowMuchMore", "ComputationalStrategy\TopicModule\HowMuchMore\MyMathSheets.ComputationalStrategy.HowMuchMore.csproj", "{18D1E434-D1C1-4634-B969-7FF11FECA3EF}"
	ProjectSection(ProjectDependencies) = postProject
		{3206E500-28D2-4055-A14F-3DE3CBD526E1} = {3206E500-28D2-4055-A14F-3DE3CBD526E1}
		{076E9C76-BEB2-4024-8A09-5183D0D65EC3} = {076E9C76-BEB2-4024-8A09-5183D0D65EC3}
	EndProjectSection
EndProject
Project("{FAE04EC0-301F-11D3-BF4B-00C04F79EFBC}") = "MyMathSheets.ComputationalStrategy.MathWordProblems", "ComputationalStrategy\TopicModule\MathWordProblems\MyMathSheets.ComputationalStrategy.MathWordProblems.csproj", "{3BFFE851-482C-43D6-9661-C32D20AF334D}"
	ProjectSection(ProjectDependencies) = postProject
		{3206E500-28D2-4055-A14F-3DE3CBD526E1} = {3206E500-28D2-4055-A14F-3DE3CBD526E1}
		{076E9C76-BEB2-4024-8A09-5183D0D65EC3} = {076E9C76-BEB2-4024-8A09-5183D0D65EC3}
	EndProjectSection
EndProject
Project("{2150E333-8FDC-42A3-9474-1A3956D46DE8}") = "DisplayModule", "DisplayModule", "{3AFC4F7D-CEF7-4388-AE43-0268DF28E1E3}"
EndProject
Project("{FAE04EC0-301F-11D3-BF4B-00C04F79EFBC}") = "MyMathSheets.TheFormulaShows.Arithmetic", "TheFormulaShows\DisplayModule\Arithmetic\MyMathSheets.TheFormulaShows.Arithmetic.csproj", "{41486B43-37E3-406A-A032-974BAED36747}"
	ProjectSection(ProjectDependencies) = postProject
		{3206E500-28D2-4055-A14F-3DE3CBD526E1} = {3206E500-28D2-4055-A14F-3DE3CBD526E1}
		{3206E500-28D2-4055-A14F-3DE3CBD526E2} = {3206E500-28D2-4055-A14F-3DE3CBD526E2}
		{076E9C76-BEB2-4024-8A09-5183D0D65EC3} = {076E9C76-BEB2-4024-8A09-5183D0D65EC3}
	EndProjectSection
EndProject
Project("{FAE04EC0-301F-11D3-BF4B-00C04F79EFBC}") = "MyMathSheets.TheFormulaShows.CombinatorialEquation", "TheFormulaShows\DisplayModule\CombinatorialEquation\MyMathSheets.TheFormulaShows.CombinatorialEquation.csproj", "{41486B43-37E3-406A-A032-974BAED36727}"
	ProjectSection(ProjectDependencies) = postProject
		{3206E500-28D2-4055-A14F-3DE3CBD526E1} = {3206E500-28D2-4055-A14F-3DE3CBD526E1}
		{3206E500-28D2-4055-A14F-3DE3CBD526E3} = {3206E500-28D2-4055-A14F-3DE3CBD526E3}
		{076E9C76-BEB2-4024-8A09-5183D0D65EC3} = {076E9C76-BEB2-4024-8A09-5183D0D65EC3}
	EndProjectSection
EndProject
Project("{FAE04EC0-301F-11D3-BF4B-00C04F79EFBC}") = "MyMathSheets.TheFormulaShows.ComputingConnection", "TheFormulaShows\DisplayModule\ComputingConnection\MyMathSheets.TheFormulaShows.ComputingConnection.csproj", "{41486B43-37E3-406A-A032-974BAED36737}"
	ProjectSection(ProjectDependencies) = postProject
		{3206E500-28D2-4055-A14F-3DE3CBD526E1} = {3206E500-28D2-4055-A14F-3DE3CBD526E1}
		{3206E500-28D2-4055-A14F-3DE3CBD526E4} = {3206E500-28D2-4055-A14F-3DE3CBD526E4}
		{076E9C76-BEB2-4024-8A09-5183D0D65EC3} = {076E9C76-BEB2-4024-8A09-5183D0D65EC3}
	EndProjectSection
EndProject
Project("{FAE04EC0-301F-11D3-BF4B-00C04F79EFBC}") = "MyMathSheets.TheFormulaShows.EqualityComparison", "TheFormulaShows\DisplayModule\EqualityComparison\MyMathSheets.TheFormulaShows.EqualityComparison.csproj", "{5F879B95-C458-48ED-A7C2-889F47DB7491}"
	ProjectSection(ProjectDependencies) = postProject
		{3206E500-28D2-4055-A14F-3DE3CBD526E1} = {3206E500-28D2-4055-A14F-3DE3CBD526E1}
		{3206E500-28D2-4055-A14F-3DE3CBD526E6} = {3206E500-28D2-4055-A14F-3DE3CBD526E6}
		{076E9C76-BEB2-4024-8A09-5183D0D65EC3} = {076E9C76-BEB2-4024-8A09-5183D0D65EC3}
	EndProjectSection
EndProject
Project("{FAE04EC0-301F-11D3-BF4B-00C04F79EFBC}") = "MyMathSheets.TheFormulaShows.FindNearestNumber", "TheFormulaShows\DisplayModule\FindNearestNumber\MyMathSheets.TheFormulaShows.FindNearestNumber.csproj", "{5F879B95-C458-48ED-A7C2-889F47DB7591}"
	ProjectSection(ProjectDependencies) = postProject
		{3206E500-28D2-4055-A14F-3DE3CBD526E1} = {3206E500-28D2-4055-A14F-3DE3CBD526E1}
		{3206E500-28D2-4055-A14F-3DE3CBD526E7} = {3206E500-28D2-4055-A14F-3DE3CBD526E7}
		{076E9C76-BEB2-4024-8A09-5183D0D65EC3} = {076E9C76-BEB2-4024-8A09-5183D0D65EC3}
	EndProjectSection
EndProject
Project("{FAE04EC0-301F-11D3-BF4B-00C04F79EFBC}") = "MyMathSheets.TheFormulaShows.FruitsLinkage", "TheFormulaShows\DisplayModule\FruitsLinkage\MyMathSheets.TheFormulaShows.FruitsLinkage.csproj", "{5F879B95-C458-48ED-A7C2-889F47DB2591}"
	ProjectSection(ProjectDependencies) = postProject
		{3206E500-28D2-4055-A14F-3DE3CBD526E1} = {3206E500-28D2-4055-A14F-3DE3CBD526E1}
		{3206E500-28D2-4055-A14F-3DE3CBD526E8} = {3206E500-28D2-4055-A14F-3DE3CBD526E8}
		{076E9C76-BEB2-4024-8A09-5183D0D65EC3} = {076E9C76-BEB2-4024-8A09-5183D0D65EC3}
	EndProjectSection
EndProject
Project("{FAE04EC0-301F-11D3-BF4B-00C04F79EFBC}") = "MyMathSheets.TheFormulaShows.HowMuchMore", "TheFormulaShows\DisplayModule\HowMuchMore\MyMathSheets.TheFormulaShows.HowMuchMore.csproj", "{5F879B95-C458-48ED-A7C2-889347DB2591}"
	ProjectSection(ProjectDependencies) = postProject
		{3206E500-28D2-4055-A14F-3DE3CBD526E1} = {3206E500-28D2-4055-A14F-3DE3CBD526E1}
		{18D1E434-D1C1-4634-B969-7FF11FECA3EF} = {18D1E434-D1C1-4634-B969-7FF11FECA3EF}
		{076E9C76-BEB2-4024-8A09-5183D0D65EC3} = {076E9C76-BEB2-4024-8A09-5183D0D65EC3}
	EndProjectSection
EndProject
Project("{FAE04EC0-301F-11D3-BF4B-00C04F79EFBC}") = "MyMathSheets.TheFormulaShows.MathWordProblems", "TheFormulaShows\DisplayModule\MathWordProblems\MyMathSheets.TheFormulaShows.MathWordProblems.csproj", "{5F879B95-C458-48ED-A7C2-889447DB2591}"
	ProjectSection(ProjectDependencies) = postProject
		{3206E500-28D2-4055-A14F-3DE3CBD526E1} = {3206E500-28D2-4055-A14F-3DE3CBD526E1}
		{3BFFE851-482C-43D6-9661-C32D20AF334D} = {3BFFE851-482C-43D6-9661-C32D20AF334D}
		{076E9C76-BEB2-4024-8A09-5183D0D65EC3} = {076E9C76-BEB2-4024-8A09-5183D0D65EC3}
	EndProjectSection
EndProject
Project("{FAE04EC0-301F-11D3-BF4B-00C04F79EFBC}") = "MyMathSheets.TheFormulaShows.ScoreGoal", "TheFormulaShows\DisplayModule\ScoreGoal\MyMathSheets.TheFormulaShows.ScoreGoal.csproj", "{5F879B95-C458-48ED-A7C2-859447DB2591}"
	ProjectSection(ProjectDependencies) = postProject
		{3206E500-28D2-4055-A14F-3DE3CBD526E1} = {3206E500-28D2-4055-A14F-3DE3CBD526E1}
		{3206E500-28D2-4055-A14F-3DE3CBD526E5} = {3206E500-28D2-4055-A14F-3DE3CBD526E5}
		{076E9C76-BEB2-4024-8A09-5183D0D65EC3} = {076E9C76-BEB2-4024-8A09-5183D0D65EC3}
	EndProjectSection
EndProject
Project("{FAE04EC0-301F-11D3-BF4B-00C04F79EFBC}") = "MyMathSheets.ComputationalStrategy.FindTheLaw", "ComputationalStrategy\TopicModule\FindTheLaw\MyMathSheets.ComputationalStrategy.FindTheLaw.csproj", "{A4AFCD1E-6872-4643-9728-E5E6DFF85387}"
EndProject
Project("{FAE04EC0-301F-11D3-BF4B-00C04F79EFBC}") = "MyMathSheets.TheFormulaShows.FindTheLaw", "TheFormulaShows\DisplayModule\FindTheLaw\MyMathSheets.TheFormulaShows.FindTheLaw.csproj", "{41486B43-37E3-406A-A032-824BAED36747}"
EndProject
Project("{FAE04EC0-301F-11D3-BF4B-00C04F79EFBC}") = "MyMathSheets.ComputationalStrategy.NumericSorting", "ComputationalStrategy\TopicModule\NumericSorting\MyMathSheets.ComputationalStrategy.NumericSorting.csproj", "{A4AFCD1E-6872-4643-9728-E5E6DFF95387}"
EndProject
Project("{FAE04EC0-301F-11D3-BF4B-00C04F79EFBC}") = "MyMathSheets.TheFormulaShows.NumericSorting", "TheFormulaShows\DisplayModule\NumericSorting\MyMathSheets.TheFormulaShows.NumericSorting.csproj", "{5F879B95-C458-48ED-A7C2-889F47DB7497}"
EndProject
Project("{FAE04EC0-301F-11D3-BF4B-00C04F79EFBC}") = "MyMathSheets.ComputationalStrategy.LearnCurrency", "ComputationalStrategy\TopicModule\LearnCurrency\MyMathSheets.ComputationalStrategy.LearnCurrency.csproj", "{A4AFCD1E-6872-4643-9728-E5E6DFF55387}"
EndProject
Project("{FAE04EC0-301F-11D3-BF4B-00C04F79EFBC}") = "MyMathSheets.TheFormulaShows.LearnCurrency", "TheFormulaShows\DisplayModule\LearnCurrency\MyMathSheets.TheFormulaShows.LearnCurrency.csproj", "{41486B43-37E3-406A-A032-974BAED36787}"
EndProject
Project("{FAE04EC0-301F-11D3-BF4B-00C04F79EFBC}") = "MyMathSheets.TheFormulaShows.EqualityLinkage", "TheFormulaShows\DisplayModule\EqualityLinkage\MyMathSheets.TheFormulaShows.EqualityLinkage.csproj", "{41486B43-37E3-406A-A032-974BAED36767}"
EndProject
Project("{FAE04EC0-301F-11D3-BF4B-00C04F79EFBC}") = "MyMathSheets.ComputationalStrategy.EqualityLinkage", "ComputationalStrategy\TopicModule\EqualityLinkage\MyMathSheets.ComputationalStrategy.EqualityLinkage.csproj", "{3206E500-28D2-4055-A14F-3DE8CBD526E8}"
EndProject
Global
	GlobalSection(SolutionConfigurationPlatforms) = preSolution
		Debug|Any CPU = Debug|Any CPU
		Release|Any CPU = Release|Any CPU
	EndGlobalSection
	GlobalSection(ProjectConfigurationPlatforms) = postSolution
		{3206E500-28D2-4055-A14F-3DE3CBD526E1}.Debug|Any CPU.ActiveCfg = Debug|Any CPU
		{3206E500-28D2-4055-A14F-3DE3CBD526E1}.Debug|Any CPU.Build.0 = Debug|Any CPU
		{3206E500-28D2-4055-A14F-3DE3CBD526E1}.Release|Any CPU.ActiveCfg = Release|Any CPU
		{3206E500-28D2-4055-A14F-3DE3CBD526E1}.Release|Any CPU.Build.0 = Release|Any CPU
		{ED789079-5836-4377-B0A6-6CDE453092C1}.Debug|Any CPU.ActiveCfg = Debug|Any CPU
		{ED789079-5836-4377-B0A6-6CDE453092C1}.Release|Any CPU.ActiveCfg = Release|Any CPU
		{ED789079-5836-4377-B0A6-6CDE453092C1}.Release|Any CPU.Build.0 = Release|Any CPU
		{B0727C1F-9FE4-4E61-B559-3D67772EA24E}.Debug|Any CPU.ActiveCfg = Debug|Any CPU
		{B0727C1F-9FE4-4E61-B559-3D67772EA24E}.Debug|Any CPU.Build.0 = Debug|Any CPU
		{B0727C1F-9FE4-4E61-B559-3D67772EA24E}.Release|Any CPU.ActiveCfg = Release|Any CPU
		{B0727C1F-9FE4-4E61-B559-3D67772EA24E}.Release|Any CPU.Build.0 = Release|Any CPU
		{3176A3A2-57DA-44AA-9AEF-67A09BEB8650}.Debug|Any CPU.ActiveCfg = Debug|Any CPU
		{3176A3A2-57DA-44AA-9AEF-67A09BEB8650}.Debug|Any CPU.Build.0 = Debug|Any CPU
		{3176A3A2-57DA-44AA-9AEF-67A09BEB8650}.Release|Any CPU.ActiveCfg = Release|Any CPU
		{3176A3A2-57DA-44AA-9AEF-67A09BEB8650}.Release|Any CPU.Build.0 = Release|Any CPU
		{C89B91C6-DB3A-4698-842D-4BA979C14AE1}.Debug|Any CPU.ActiveCfg = Debug|Any CPU
		{C89B91C6-DB3A-4698-842D-4BA979C14AE1}.Debug|Any CPU.Build.0 = Debug|Any CPU
		{C89B91C6-DB3A-4698-842D-4BA979C14AE1}.Release|Any CPU.ActiveCfg = Release|Any CPU
		{C89B91C6-DB3A-4698-842D-4BA979C14AE1}.Release|Any CPU.Build.0 = Release|Any CPU
		{076E9C76-BEB2-4024-8A09-5183D0D65EC3}.Debug|Any CPU.ActiveCfg = Debug|Any CPU
		{076E9C76-BEB2-4024-8A09-5183D0D65EC3}.Debug|Any CPU.Build.0 = Debug|Any CPU
		{076E9C76-BEB2-4024-8A09-5183D0D65EC3}.Release|Any CPU.ActiveCfg = Release|Any CPU
		{076E9C76-BEB2-4024-8A09-5183D0D65EC3}.Release|Any CPU.Build.0 = Release|Any CPU
		{3206E500-28D2-4055-A14F-3DE3CBD526E2}.Debug|Any CPU.ActiveCfg = Debug|Any CPU
		{3206E500-28D2-4055-A14F-3DE3CBD526E2}.Debug|Any CPU.Build.0 = Debug|Any CPU
		{3206E500-28D2-4055-A14F-3DE3CBD526E2}.Release|Any CPU.ActiveCfg = Release|Any CPU
		{3206E500-28D2-4055-A14F-3DE3CBD526E2}.Release|Any CPU.Build.0 = Release|Any CPU
		{3206E500-28D2-4055-A14F-3DE3CBD526E3}.Debug|Any CPU.ActiveCfg = Debug|Any CPU
		{3206E500-28D2-4055-A14F-3DE3CBD526E3}.Debug|Any CPU.Build.0 = Debug|Any CPU
		{3206E500-28D2-4055-A14F-3DE3CBD526E3}.Release|Any CPU.ActiveCfg = Release|Any CPU
		{3206E500-28D2-4055-A14F-3DE3CBD526E3}.Release|Any CPU.Build.0 = Release|Any CPU
		{3206E500-28D2-4055-A14F-3DE3CBD526E4}.Debug|Any CPU.ActiveCfg = Debug|Any CPU
		{3206E500-28D2-4055-A14F-3DE3CBD526E4}.Debug|Any CPU.Build.0 = Debug|Any CPU
		{3206E500-28D2-4055-A14F-3DE3CBD526E4}.Release|Any CPU.ActiveCfg = Release|Any CPU
		{3206E500-28D2-4055-A14F-3DE3CBD526E4}.Release|Any CPU.Build.0 = Release|Any CPU
		{3206E500-28D2-4055-A14F-3DE3CBD526E5}.Debug|Any CPU.ActiveCfg = Debug|Any CPU
		{3206E500-28D2-4055-A14F-3DE3CBD526E5}.Debug|Any CPU.Build.0 = Debug|Any CPU
		{3206E500-28D2-4055-A14F-3DE3CBD526E5}.Release|Any CPU.ActiveCfg = Release|Any CPU
		{3206E500-28D2-4055-A14F-3DE3CBD526E5}.Release|Any CPU.Build.0 = Release|Any CPU
		{3206E500-28D2-4055-A14F-3DE3CBD526E6}.Debug|Any CPU.ActiveCfg = Debug|Any CPU
		{3206E500-28D2-4055-A14F-3DE3CBD526E6}.Debug|Any CPU.Build.0 = Debug|Any CPU
		{3206E500-28D2-4055-A14F-3DE3CBD526E6}.Release|Any CPU.ActiveCfg = Release|Any CPU
		{3206E500-28D2-4055-A14F-3DE3CBD526E6}.Release|Any CPU.Build.0 = Release|Any CPU
		{3206E500-28D2-4055-A14F-3DE3CBD526E7}.Debug|Any CPU.ActiveCfg = Debug|Any CPU
		{3206E500-28D2-4055-A14F-3DE3CBD526E7}.Debug|Any CPU.Build.0 = Debug|Any CPU
		{3206E500-28D2-4055-A14F-3DE3CBD526E7}.Release|Any CPU.ActiveCfg = Release|Any CPU
		{3206E500-28D2-4055-A14F-3DE3CBD526E7}.Release|Any CPU.Build.0 = Release|Any CPU
		{3206E500-28D2-4055-A14F-3DE3CBD526E8}.Debug|Any CPU.ActiveCfg = Debug|Any CPU
		{3206E500-28D2-4055-A14F-3DE3CBD526E8}.Debug|Any CPU.Build.0 = Debug|Any CPU
		{3206E500-28D2-4055-A14F-3DE3CBD526E8}.Release|Any CPU.ActiveCfg = Release|Any CPU
		{3206E500-28D2-4055-A14F-3DE3CBD526E8}.Release|Any CPU.Build.0 = Release|Any CPU
		{18D1E434-D1C1-4634-B969-7FF11FECA3EF}.Debug|Any CPU.ActiveCfg = Debug|Any CPU
		{18D1E434-D1C1-4634-B969-7FF11FECA3EF}.Debug|Any CPU.Build.0 = Debug|Any CPU
		{18D1E434-D1C1-4634-B969-7FF11FECA3EF}.Release|Any CPU.ActiveCfg = Release|Any CPU
		{18D1E434-D1C1-4634-B969-7FF11FECA3EF}.Release|Any CPU.Build.0 = Release|Any CPU
		{3BFFE851-482C-43D6-9661-C32D20AF334D}.Debug|Any CPU.ActiveCfg = Debug|Any CPU
		{3BFFE851-482C-43D6-9661-C32D20AF334D}.Debug|Any CPU.Build.0 = Debug|Any CPU
		{3BFFE851-482C-43D6-9661-C32D20AF334D}.Release|Any CPU.ActiveCfg = Release|Any CPU
		{3BFFE851-482C-43D6-9661-C32D20AF334D}.Release|Any CPU.Build.0 = Release|Any CPU
		{41486B43-37E3-406A-A032-974BAED36747}.Debug|Any CPU.ActiveCfg = Debug|Any CPU
		{41486B43-37E3-406A-A032-974BAED36747}.Debug|Any CPU.Build.0 = Debug|Any CPU
		{41486B43-37E3-406A-A032-974BAED36747}.Release|Any CPU.ActiveCfg = Release|Any CPU
		{41486B43-37E3-406A-A032-974BAED36747}.Release|Any CPU.Build.0 = Release|Any CPU
		{41486B43-37E3-406A-A032-974BAED36727}.Debug|Any CPU.ActiveCfg = Debug|Any CPU
		{41486B43-37E3-406A-A032-974BAED36727}.Debug|Any CPU.Build.0 = Debug|Any CPU
		{41486B43-37E3-406A-A032-974BAED36727}.Release|Any CPU.ActiveCfg = Release|Any CPU
		{41486B43-37E3-406A-A032-974BAED36727}.Release|Any CPU.Build.0 = Release|Any CPU
		{41486B43-37E3-406A-A032-974BAED36737}.Debug|Any CPU.ActiveCfg = Debug|Any CPU
		{41486B43-37E3-406A-A032-974BAED36737}.Debug|Any CPU.Build.0 = Debug|Any CPU
		{41486B43-37E3-406A-A032-974BAED36737}.Release|Any CPU.ActiveCfg = Release|Any CPU
		{41486B43-37E3-406A-A032-974BAED36737}.Release|Any CPU.Build.0 = Release|Any CPU
		{5F879B95-C458-48ED-A7C2-889F47DB7491}.Debug|Any CPU.ActiveCfg = Debug|Any CPU
		{5F879B95-C458-48ED-A7C2-889F47DB7491}.Debug|Any CPU.Build.0 = Debug|Any CPU
		{5F879B95-C458-48ED-A7C2-889F47DB7491}.Release|Any CPU.ActiveCfg = Release|Any CPU
		{5F879B95-C458-48ED-A7C2-889F47DB7491}.Release|Any CPU.Build.0 = Release|Any CPU
		{5F879B95-C458-48ED-A7C2-889F47DB7591}.Debug|Any CPU.ActiveCfg = Debug|Any CPU
		{5F879B95-C458-48ED-A7C2-889F47DB7591}.Debug|Any CPU.Build.0 = Debug|Any CPU
		{5F879B95-C458-48ED-A7C2-889F47DB7591}.Release|Any CPU.ActiveCfg = Release|Any CPU
		{5F879B95-C458-48ED-A7C2-889F47DB7591}.Release|Any CPU.Build.0 = Release|Any CPU
		{5F879B95-C458-48ED-A7C2-889F47DB2591}.Debug|Any CPU.ActiveCfg = Debug|Any CPU
		{5F879B95-C458-48ED-A7C2-889F47DB2591}.Debug|Any CPU.Build.0 = Debug|Any CPU
		{5F879B95-C458-48ED-A7C2-889F47DB2591}.Release|Any CPU.ActiveCfg = Release|Any CPU
		{5F879B95-C458-48ED-A7C2-889F47DB2591}.Release|Any CPU.Build.0 = Release|Any CPU
		{5F879B95-C458-48ED-A7C2-889347DB2591}.Debug|Any CPU.ActiveCfg = Debug|Any CPU
		{5F879B95-C458-48ED-A7C2-889347DB2591}.Debug|Any CPU.Build.0 = Debug|Any CPU
		{5F879B95-C458-48ED-A7C2-889347DB2591}.Release|Any CPU.ActiveCfg = Release|Any CPU
		{5F879B95-C458-48ED-A7C2-889347DB2591}.Release|Any CPU.Build.0 = Release|Any CPU
		{5F879B95-C458-48ED-A7C2-889447DB2591}.Debug|Any CPU.ActiveCfg = Debug|Any CPU
		{5F879B95-C458-48ED-A7C2-889447DB2591}.Debug|Any CPU.Build.0 = Debug|Any CPU
		{5F879B95-C458-48ED-A7C2-889447DB2591}.Release|Any CPU.ActiveCfg = Release|Any CPU
		{5F879B95-C458-48ED-A7C2-889447DB2591}.Release|Any CPU.Build.0 = Release|Any CPU
		{5F879B95-C458-48ED-A7C2-859447DB2591}.Debug|Any CPU.ActiveCfg = Debug|Any CPU
		{5F879B95-C458-48ED-A7C2-859447DB2591}.Debug|Any CPU.Build.0 = Debug|Any CPU
		{5F879B95-C458-48ED-A7C2-859447DB2591}.Release|Any CPU.ActiveCfg = Release|Any CPU
		{5F879B95-C458-48ED-A7C2-859447DB2591}.Release|Any CPU.Build.0 = Release|Any CPU
		{A4AFCD1E-6872-4643-9728-E5E6DFF85387}.Debug|Any CPU.ActiveCfg = Debug|Any CPU
		{A4AFCD1E-6872-4643-9728-E5E6DFF85387}.Debug|Any CPU.Build.0 = Debug|Any CPU
		{A4AFCD1E-6872-4643-9728-E5E6DFF85387}.Release|Any CPU.ActiveCfg = Release|Any CPU
		{A4AFCD1E-6872-4643-9728-E5E6DFF85387}.Release|Any CPU.Build.0 = Release|Any CPU
		{41486B43-37E3-406A-A032-824BAED36747}.Debug|Any CPU.ActiveCfg = Debug|Any CPU
		{41486B43-37E3-406A-A032-824BAED36747}.Debug|Any CPU.Build.0 = Debug|Any CPU
		{41486B43-37E3-406A-A032-824BAED36747}.Release|Any CPU.ActiveCfg = Release|Any CPU
		{41486B43-37E3-406A-A032-824BAED36747}.Release|Any CPU.Build.0 = Release|Any CPU
		{A4AFCD1E-6872-4643-9728-E5E6DFF95387}.Debug|Any CPU.ActiveCfg = Debug|Any CPU
		{A4AFCD1E-6872-4643-9728-E5E6DFF95387}.Debug|Any CPU.Build.0 = Debug|Any CPU
		{A4AFCD1E-6872-4643-9728-E5E6DFF95387}.Release|Any CPU.ActiveCfg = Release|Any CPU
		{A4AFCD1E-6872-4643-9728-E5E6DFF95387}.Release|Any CPU.Build.0 = Release|Any CPU
		{5F879B95-C458-48ED-A7C2-889F47DB7497}.Debug|Any CPU.ActiveCfg = Debug|Any CPU
		{5F879B95-C458-48ED-A7C2-889F47DB7497}.Debug|Any CPU.Build.0 = Debug|Any CPU
		{5F879B95-C458-48ED-A7C2-889F47DB7497}.Release|Any CPU.ActiveCfg = Release|Any CPU
		{5F879B95-C458-48ED-A7C2-889F47DB7497}.Release|Any CPU.Build.0 = Release|Any CPU
		{A4AFCD1E-6872-4643-9728-E5E6DFF55387}.Debug|Any CPU.ActiveCfg = Debug|Any CPU
		{A4AFCD1E-6872-4643-9728-E5E6DFF55387}.Debug|Any CPU.Build.0 = Debug|Any CPU
		{A4AFCD1E-6872-4643-9728-E5E6DFF55387}.Release|Any CPU.ActiveCfg = Release|Any CPU
		{A4AFCD1E-6872-4643-9728-E5E6DFF55387}.Release|Any CPU.Build.0 = Release|Any CPU
		{41486B43-37E3-406A-A032-974BAED36787}.Debug|Any CPU.ActiveCfg = Debug|Any CPU
		{41486B43-37E3-406A-A032-974BAED36787}.Debug|Any CPU.Build.0 = Debug|Any CPU
		{41486B43-37E3-406A-A032-974BAED36787}.Release|Any CPU.ActiveCfg = Release|Any CPU
		{41486B43-37E3-406A-A032-974BAED36787}.Release|Any CPU.Build.0 = Release|Any CPU
		{41486B43-37E3-406A-A032-974BAED36767}.Debug|Any CPU.ActiveCfg = Debug|Any CPU
		{41486B43-37E3-406A-A032-974BAED36767}.Debug|Any CPU.Build.0 = Debug|Any CPU
		{41486B43-37E3-406A-A032-974BAED36767}.Release|Any CPU.ActiveCfg = Release|Any CPU
		{41486B43-37E3-406A-A032-974BAED36767}.Release|Any CPU.Build.0 = Release|Any CPU
		{3206E500-28D2-4055-A14F-3DE8CBD526E8}.Debug|Any CPU.ActiveCfg = Debug|Any CPU
		{3206E500-28D2-4055-A14F-3DE8CBD526E8}.Debug|Any CPU.Build.0 = Debug|Any CPU
		{3206E500-28D2-4055-A14F-3DE8CBD526E8}.Release|Any CPU.ActiveCfg = Release|Any CPU
		{3206E500-28D2-4055-A14F-3DE8CBD526E8}.Release|Any CPU.Build.0 = Release|Any CPU
	EndGlobalSection
	GlobalSection(SolutionProperties) = preSolution
		HideSolutionNode = FALSE
	EndGlobalSection
	GlobalSection(NestedProjects) = preSolution
		{C89B91C6-DB3A-4698-842D-4BA979C14AE1} = {F9B5A9D1-8C95-4161-8708-65789BA74FC2}
		{3206E500-28D2-4055-A14F-3DE3CBD526E2} = {8BCE20EF-6C56-439F-B641-AF994D9A63FC}
		{3206E500-28D2-4055-A14F-3DE3CBD526E3} = {8BCE20EF-6C56-439F-B641-AF994D9A63FC}
		{3206E500-28D2-4055-A14F-3DE3CBD526E4} = {8BCE20EF-6C56-439F-B641-AF994D9A63FC}
		{3206E500-28D2-4055-A14F-3DE3CBD526E5} = {8BCE20EF-6C56-439F-B641-AF994D9A63FC}
		{3206E500-28D2-4055-A14F-3DE3CBD526E6} = {8BCE20EF-6C56-439F-B641-AF994D9A63FC}
		{3206E500-28D2-4055-A14F-3DE3CBD526E7} = {8BCE20EF-6C56-439F-B641-AF994D9A63FC}
		{3206E500-28D2-4055-A14F-3DE3CBD526E8} = {8BCE20EF-6C56-439F-B641-AF994D9A63FC}
		{18D1E434-D1C1-4634-B969-7FF11FECA3EF} = {8BCE20EF-6C56-439F-B641-AF994D9A63FC}
		{3BFFE851-482C-43D6-9661-C32D20AF334D} = {8BCE20EF-6C56-439F-B641-AF994D9A63FC}
		{41486B43-37E3-406A-A032-974BAED36747} = {3AFC4F7D-CEF7-4388-AE43-0268DF28E1E3}
		{41486B43-37E3-406A-A032-974BAED36727} = {3AFC4F7D-CEF7-4388-AE43-0268DF28E1E3}
		{41486B43-37E3-406A-A032-974BAED36737} = {3AFC4F7D-CEF7-4388-AE43-0268DF28E1E3}
		{5F879B95-C458-48ED-A7C2-889F47DB7491} = {3AFC4F7D-CEF7-4388-AE43-0268DF28E1E3}
		{5F879B95-C458-48ED-A7C2-889F47DB7591} = {3AFC4F7D-CEF7-4388-AE43-0268DF28E1E3}
		{5F879B95-C458-48ED-A7C2-889F47DB2591} = {3AFC4F7D-CEF7-4388-AE43-0268DF28E1E3}
		{5F879B95-C458-48ED-A7C2-889347DB2591} = {3AFC4F7D-CEF7-4388-AE43-0268DF28E1E3}
		{5F879B95-C458-48ED-A7C2-889447DB2591} = {3AFC4F7D-CEF7-4388-AE43-0268DF28E1E3}
		{5F879B95-C458-48ED-A7C2-859447DB2591} = {3AFC4F7D-CEF7-4388-AE43-0268DF28E1E3}
		{A4AFCD1E-6872-4643-9728-E5E6DFF85387} = {8BCE20EF-6C56-439F-B641-AF994D9A63FC}
		{41486B43-37E3-406A-A032-824BAED36747} = {3AFC4F7D-CEF7-4388-AE43-0268DF28E1E3}
		{A4AFCD1E-6872-4643-9728-E5E6DFF95387} = {8BCE20EF-6C56-439F-B641-AF994D9A63FC}
		{5F879B95-C458-48ED-A7C2-889F47DB7497} = {3AFC4F7D-CEF7-4388-AE43-0268DF28E1E3}
		{A4AFCD1E-6872-4643-9728-E5E6DFF55387} = {8BCE20EF-6C56-439F-B641-AF994D9A63FC}
		{41486B43-37E3-406A-A032-974BAED36787} = {3AFC4F7D-CEF7-4388-AE43-0268DF28E1E3}
		{41486B43-37E3-406A-A032-974BAED36767} = {3AFC4F7D-CEF7-4388-AE43-0268DF28E1E3}
		{3206E500-28D2-4055-A14F-3DE8CBD526E8} = {8BCE20EF-6C56-439F-B641-AF994D9A63FC}
	EndGlobalSection
	GlobalSection(ExtensibilityGlobals) = postSolution
		SolutionGuid = {D308C80E-F93A-4F56-89CD-5A89344949B1}
	EndGlobalSection
EndGlobal
