
Microsoft Visual Studio Solution File, Format Version 12.00
# Visual Studio 15
VisualStudioVersion = 15.0.28010.2003
MinimumVisualStudioVersion = 10.0.40219.1
Project("{FAE04EC0-301F-11D3-BF4B-00C04F79EFBC}") = "MyMathSheets.ComputationalStrategy", "ComputationalStrategy\MyMathSheets.ComputationalStrategy.csproj", "{3206E500-28D2-4055-A14F-3DE3CBD526E1}"
EndProject
Project("{FAE04EC0-301F-11D3-BF4B-00C04F79EFBC}") = "MyMathSheets.TheFormulaShows", "TheFormulaShows\MyMathSheets.TheFormulaShows.csproj", "{ED789079-5836-4377-B0A6-6CDE453092C1}"
EndProject
Project("{FAE04EC0-301F-11D3-BF4B-00C04F79EFBC}") = "MyMathSheets.TestConsoleApp", "TestConsoleApp\MyMathSheets.TestConsoleApp.csproj", "{B0727C1F-9FE4-4E61-B559-3D67772EA24E}"
EndProject
Project("{FAE04EC0-301F-11D3-BF4B-00C04F79EFBC}") = "MyMathSheets.MathSheetsSettingApp", "MathSheetsSettingApp\MyMathSheets.MathSheetsSettingApp.csproj", "{3176A3A2-57DA-44AA-9AEF-67A09BEB8650}"
EndProject
Project("{FAE04EC0-301F-11D3-BF4B-00C04F79EFBC}") = "MyMathSheets.MathWordProblemsConsoleApp", "Tools\MathWordProblemsConsoleApp\MyMathSheets.MathWordProblemsConsoleApp.csproj", "{C89B91C6-DB3A-4698-842D-4BA979C14AE1}"
EndProject
Project("{FAE04EC0-301F-11D3-BF4B-00C04F79EFBC}") = "MyMathSheets.CommonLib", "CommonLib\MyMathSheets.CommonLib.csproj", "{076E9C76-BEB2-4024-8A09-5183D0D65EC3}"
EndProject
Project("{2150E333-8FDC-42A3-9474-1A3956D46DE8}") = "Tools", "Tools", "{F9B5A9D1-8C95-4161-8708-65789BA74FC2}"
EndProject
Project("{FAE04EC0-301F-11D3-BF4B-00C04F79EFBC}") = "MyMathSheets.ComputationalStrategy.Arithmetic", "ComputationalStrategy\Arithmetic\MyMathSheets.ComputationalStrategy.Arithmetic.csproj", "{3206E500-28D2-4055-A14F-3DE3CBD526E2}"
EndProject
Project("{2150E333-8FDC-42A3-9474-1A3956D46DE8}") = "TopicModule", "TopicModule", "{8BCE20EF-6C56-439F-B641-AF994D9A63FC}"
EndProject
Global
	GlobalSection(SolutionConfigurationPlatforms) = preSolution
		Debug|Any CPU = Debug|Any CPU
		Release|Any CPU = Release|Any CPU
	EndGlobalSection
	GlobalSection(ProjectConfigurationPlatforms) = postSolution
		{3206E500-28D2-4055-A14F-3DE3CBD526E1}.Debug|Any CPU.ActiveCfg = Debug|Any CPU
		{3206E500-28D2-4055-A14F-3DE3CBD526E1}.Debug|Any CPU.Build.0 = Debug|Any CPU
		{3206E500-28D2-4055-A14F-3DE3CBD526E1}.Release|Any CPU.ActiveCfg = Release|Any CPU
		{3206E500-28D2-4055-A14F-3DE3CBD526E1}.Release|Any CPU.Build.0 = Release|Any CPU
		{ED789079-5836-4377-B0A6-6CDE453092C1}.Debug|Any CPU.ActiveCfg = Debug|Any CPU
		{ED789079-5836-4377-B0A6-6CDE453092C1}.Debug|Any CPU.Build.0 = Debug|Any CPU
		{ED789079-5836-4377-B0A6-6CDE453092C1}.Release|Any CPU.ActiveCfg = Release|Any CPU
		{ED789079-5836-4377-B0A6-6CDE453092C1}.Release|Any CPU.Build.0 = Release|Any CPU
		{B0727C1F-9FE4-4E61-B559-3D67772EA24E}.Debug|Any CPU.ActiveCfg = Debug|Any CPU
		{B0727C1F-9FE4-4E61-B559-3D67772EA24E}.Debug|Any CPU.Build.0 = Debug|Any CPU
		{B0727C1F-9FE4-4E61-B559-3D67772EA24E}.Release|Any CPU.ActiveCfg = Release|Any CPU
		{B0727C1F-9FE4-4E61-B559-3D67772EA24E}.Release|Any CPU.Build.0 = Release|Any CPU
		{3176A3A2-57DA-44AA-9AEF-67A09BEB8650}.Debug|Any CPU.ActiveCfg = Debug|Any CPU
		{3176A3A2-57DA-44AA-9AEF-67A09BEB8650}.Debug|Any CPU.Build.0 = Debug|Any CPU
		{3176A3A2-57DA-44AA-9AEF-67A09BEB8650}.Release|Any CPU.ActiveCfg = Release|Any CPU
		{3176A3A2-57DA-44AA-9AEF-67A09BEB8650}.Release|Any CPU.Build.0 = Release|Any CPU
		{C89B91C6-DB3A-4698-842D-4BA979C14AE1}.Debug|Any CPU.ActiveCfg = Debug|Any CPU
		{C89B91C6-DB3A-4698-842D-4BA979C14AE1}.Debug|Any CPU.Build.0 = Debug|Any CPU
		{C89B91C6-DB3A-4698-842D-4BA979C14AE1}.Release|Any CPU.ActiveCfg = Release|Any CPU
		{C89B91C6-DB3A-4698-842D-4BA979C14AE1}.Release|Any CPU.Build.0 = Release|Any CPU
		{076E9C76-BEB2-4024-8A09-5183D0D65EC3}.Debug|Any CPU.ActiveCfg = Debug|Any CPU
		{076E9C76-BEB2-4024-8A09-5183D0D65EC3}.Debug|Any CPU.Build.0 = Debug|Any CPU
		{076E9C76-BEB2-4024-8A09-5183D0D65EC3}.Release|Any CPU.ActiveCfg = Release|Any CPU
		{076E9C76-BEB2-4024-8A09-5183D0D65EC3}.Release|Any CPU.Build.0 = Release|Any CPU
		{3206E500-28D2-4055-A14F-3DE3CBD526E2}.Debug|Any CPU.ActiveCfg = Debug|Any CPU
		{3206E500-28D2-4055-A14F-3DE3CBD526E2}.Debug|Any CPU.Build.0 = Debug|Any CPU
		{3206E500-28D2-4055-A14F-3DE3CBD526E2}.Release|Any CPU.ActiveCfg = Release|Any CPU
		{3206E500-28D2-4055-A14F-3DE3CBD526E2}.Release|Any CPU.Build.0 = Release|Any CPU
	EndGlobalSection
	GlobalSection(SolutionProperties) = preSolution
		HideSolutionNode = FALSE
	EndGlobalSection
	GlobalSection(NestedProjects) = preSolution
		{C89B91C6-DB3A-4698-842D-4BA979C14AE1} = {F9B5A9D1-8C95-4161-8708-65789BA74FC2}
		{3206E500-28D2-4055-A14F-3DE3CBD526E2} = {8BCE20EF-6C56-439F-B641-AF994D9A63FC}
	EndGlobalSection
	GlobalSection(ExtensibilityGlobals) = postSolution
		SolutionGuid = {D308C80E-F93A-4F56-89CD-5A89344949B1}
	EndGlobalSection
EndGlobal
