
Microsoft Visual Studio Solution File, Format Version 12.00
# Visual Studio Version 17
VisualStudioVersion = 17.7.34024.191
MinimumVisualStudioVersion = 10.0.40219.1
Project("{FAE04EC0-301F-11D3-BF4B-00C04F79EFBC}") = "MyMathSheets.WebHealthChecks", "MyMathSheets.WebHealthChecks.csproj", "{3C9B617A-B228-4889-BABD-691728706635}"
EndProject
Global
	GlobalSection(SolutionConfigurationPlatforms) = preSolution
		Debug|Any CPU = Debug|Any CPU
		Release|Any CPU = Release|Any CPU
	EndGlobalSection
	GlobalSection(ProjectConfigurationPlatforms) = postSolution
		{3C9B617A-B228-4889-BABD-691728706635}.Debug|Any CPU.ActiveCfg = Debug|Any CPU
		{3C9B617A-B228-4889-BABD-691728706635}.Debug|Any CPU.Build.0 = Debug|Any CPU
		{3C9B617A-B228-4889-BABD-691728706635}.Release|Any CPU.ActiveCfg = Release|Any CPU
		{3C9B617A-B228-4889-BABD-691728706635}.Release|Any CPU.Build.0 = Release|Any CPU
	EndGlobalSection
	GlobalSection(SolutionProperties) = preSolution
		HideSolutionNode = FALSE
	EndGlobalSection
	GlobalSection(ExtensibilityGlobals) = postSolution
		SolutionGuid = {92C9D4D0-AA2A-4B1B-B522-517C908B387E}
	EndGlobalSection
EndGlobal
